
Microsoft Visual Studio Solution File, Format Version 12.00
# Visual Studio Version 16
VisualStudioVersion = 16.0.31702.278
MinimumVisualStudioVersion = 10.0.40219.1
Project("{FAE04EC0-301F-11D3-BF4B-00C04F79EFBC}") = "Grocery_Application", "Grocery_Application\Grocery_Application.csproj", "{4206D3DE-7D8F-47F2-9924-B1A0897E6F25}"
EndProject
Global
	GlobalSection(SolutionConfigurationPlatforms) = preSolution
		Debug|Any CPU = Debug|Any CPU
		Release|Any CPU = Release|Any CPU
	EndGlobalSection
	GlobalSection(ProjectConfigurationPlatforms) = postSolution
		{4206D3DE-7D8F-47F2-9924-B1A0897E6F25}.Debug|Any CPU.ActiveCfg = Debug|Any CPU
		{4206D3DE-7D8F-47F2-9924-B1A0897E6F25}.Debug|Any CPU.Build.0 = Debug|Any CPU
		{4206D3DE-7D8F-47F2-9924-B1A0897E6F25}.Release|Any CPU.ActiveCfg = Release|Any CPU
		{4206D3DE-7D8F-47F2-9924-B1A0897E6F25}.Release|Any CPU.Build.0 = Release|Any CPU
	EndGlobalSection
	GlobalSection(SolutionProperties) = preSolution
		HideSolutionNode = FALSE
	EndGlobalSection
	GlobalSection(ExtensibilityGlobals) = postSolution
		SolutionGuid = {935AD881-794F-4F8C-B1C2-38D04BBF7EF9}
	EndGlobalSection
EndGlobal
